// !$*UTF8*$!
{
	archiveVersion = 1;
	classes = {
	};
	objectVersion = 46;
	objects = {

/* Begin PBXBuildFile section */
		84CBD5C71990B08400A23749 /* Foundation.framework in Frameworks */ = {isa = PBXBuildFile; fileRef = 84CBD5C61990B08400A23749 /* Foundation.framework */; };
		84CBD5C91990B08400A23749 /* CoreGraphics.framework in Frameworks */ = {isa = PBXBuildFile; fileRef = 84CBD5C81990B08400A23749 /* CoreGraphics.framework */; };
		84CBD5CB1990B08400A23749 /* UIKit.framework in Frameworks */ = {isa = PBXBuildFile; fileRef = 84CBD5CA1990B08400A23749 /* UIKit.framework */; };
		84CBD5D11990B08400A23749 /* InfoPlist.strings in Resources */ = {isa = PBXBuildFile; fileRef = 84CBD5CF1990B08400A23749 /* InfoPlist.strings */; };
		84CBD5D31990B08400A23749 /* main.m in Sources */ = {isa = PBXBuildFile; fileRef = 84CBD5D21990B08400A23749 /* main.m */; };
		84CBD5D71990B08400A23749 /* MTAppDelegate.m in Sources */ = {isa = PBXBuildFile; fileRef = 84CBD5D61990B08400A23749 /* MTAppDelegate.m */; };
		84CBD5DA1990B08400A23749 /* Main.storyboard in Resources */ = {isa = PBXBuildFile; fileRef = 84CBD5D81990B08400A23749 /* Main.storyboard */; };
		84CBD5DF1990B08400A23749 /* Images.xcassets in Resources */ = {isa = PBXBuildFile; fileRef = 84CBD5DE1990B08400A23749 /* Images.xcassets */; };
		84CBD5E61990B08400A23749 /* XCTest.framework in Frameworks */ = {isa = PBXBuildFile; fileRef = 84CBD5E51990B08400A23749 /* XCTest.framework */; };
		84CBD5E71990B08400A23749 /* Foundation.framework in Frameworks */ = {isa = PBXBuildFile; fileRef = 84CBD5C61990B08400A23749 /* Foundation.framework */; };
		84CBD5E81990B08400A23749 /* UIKit.framework in Frameworks */ = {isa = PBXBuildFile; fileRef = 84CBD5CA1990B08400A23749 /* UIKit.framework */; };
		84CBD5F01990B08400A23749 /* InfoPlist.strings in Resources */ = {isa = PBXBuildFile; fileRef = 84CBD5EE1990B08400A23749 /* InfoPlist.strings */; };
		84CBD5F21990B08400A23749 /* musictankTests.m in Sources */ = {isa = PBXBuildFile; fileRef = 84CBD5F11990B08400A23749 /* musictankTests.m */; };
		84CBD5FD1990C83400A23749 /* MTLeftViewController.m in Sources */ = {isa = PBXBuildFile; fileRef = 84CBD5FC1990C83400A23749 /* MTLeftViewController.m */; };
		84CBD6061990FCA000A23749 /* MTDataHandler.m in Sources */ = {isa = PBXBuildFile; fileRef = 84CBD6051990FCA000A23749 /* MTDataHandler.m */; };
		84CBD60A199105C500A23749 /* MTImageHandler.m in Sources */ = {isa = PBXBuildFile; fileRef = 84CBD609199105C500A23749 /* MTImageHandler.m */; };
		84CBD610199117F000A23749 /* MTArtist.m in Sources */ = {isa = PBXBuildFile; fileRef = 84CBD60F199117F000A23749 /* MTArtist.m */; };
		84CBD6131991CADD00A23749 /* MTLoginViewController.m in Sources */ = {isa = PBXBuildFile; fileRef = 84CBD6121991CADD00A23749 /* MTLoginViewController.m */; };
		84CBD61A1991E48F00A23749 /* Localizable.strings in Resources */ = {isa = PBXBuildFile; fileRef = 84CBD61C1991E48F00A23749 /* Localizable.strings */; };
		84CBD625199246B900A23749 /* MTArtistHomeViewController.m in Sources */ = {isa = PBXBuildFile; fileRef = 84CBD624199246B900A23749 /* MTArtistHomeViewController.m */; };
		84CBD628199249B200A23749 /* ASScroll.m in Sources */ = {isa = PBXBuildFile; fileRef = 84CBD627199249B200A23749 /* ASScroll.m */; };
		84CBD62C19930B1500A23749 /* MTArtistWorkTableViewCell.m in Sources */ = {isa = PBXBuildFile; fileRef = 84CBD62A19930B1500A23749 /* MTArtistWorkTableViewCell.m */; };
		84CBD62D19930B1500A23749 /* MTArtistWorkTableViewCell.xib in Resources */ = {isa = PBXBuildFile; fileRef = 84CBD62B19930B1500A23749 /* MTArtistWorkTableViewCell.xib */; };
		84CBD6301993275000A23749 /* MTWork.m in Sources */ = {isa = PBXBuildFile; fileRef = 84CBD62F1993275000A23749 /* MTWork.m */; };
		84CBD63319935E8F00A23749 /* MTSong.m in Sources */ = {isa = PBXBuildFile; fileRef = 84CBD63219935E8F00A23749 /* MTSong.m */; };
		84DD83031993818F00E1E4D6 /* MTArtistSongTableViewCell.m in Sources */ = {isa = PBXBuildFile; fileRef = 84DD83011993818F00E1E4D6 /* MTArtistSongTableViewCell.m */; };
		84DD83041993818F00E1E4D6 /* MTArtistSongTableViewCell.xib in Resources */ = {isa = PBXBuildFile; fileRef = 84DD83021993818F00E1E4D6 /* MTArtistSongTableViewCell.xib */; };
		84DD83071993A89A00E1E4D6 /* MTSongPlayViewController.m in Sources */ = {isa = PBXBuildFile; fileRef = 84DD83061993A89A00E1E4D6 /* MTSongPlayViewController.m */; };
		84DD830A199441CF00E1E4D6 /* MTLatestWorksVC.m in Sources */ = {isa = PBXBuildFile; fileRef = 84DD8309199441CF00E1E4D6 /* MTLatestWorksVC.m */; };
		84DD830E1994444A00E1E4D6 /* MTLatestWorksCell.m in Sources */ = {isa = PBXBuildFile; fileRef = 84DD830C1994444A00E1E4D6 /* MTLatestWorksCell.m */; };
		84DD830F1994444A00E1E4D6 /* MTLatestWorksCell.xib in Resources */ = {isa = PBXBuildFile; fileRef = 84DD830D1994444A00E1E4D6 /* MTLatestWorksCell.xib */; };
		84DD831319944A0B00E1E4D6 /* MTLatestSongsCell.m in Sources */ = {isa = PBXBuildFile; fileRef = 84DD831119944A0B00E1E4D6 /* MTLatestSongsCell.m */; };
		84DD831419944A0B00E1E4D6 /* MTLatestSongsCell.xib in Resources */ = {isa = PBXBuildFile; fileRef = 84DD831219944A0B00E1E4D6 /* MTLatestSongsCell.xib */; };
		84DD831A1994804500E1E4D6 /* MTLatestSongsVC.m in Sources */ = {isa = PBXBuildFile; fileRef = 84DD83191994804500E1E4D6 /* MTLatestSongsVC.m */; };
		84DD831D1994979B00E1E4D6 /* MTCustomSegue.m in Sources */ = {isa = PBXBuildFile; fileRef = 84DD831C1994979B00E1E4D6 /* MTCustomSegue.m */; };
		84DD83231994B84B00E1E4D6 /* MTArtistsIntroVC.m in Sources */ = {isa = PBXBuildFile; fileRef = 84DD83221994B84B00E1E4D6 /* MTArtistsIntroVC.m */; };
		84DD832A1994B93E00E1E4D6 /* MTArtistsIntroCell.m in Sources */ = {isa = PBXBuildFile; fileRef = 84DD83281994B93E00E1E4D6 /* MTArtistsIntroCell.m */; };
		84DD832B1994B93E00E1E4D6 /* MTArtistsIntroCell.xib in Resources */ = {isa = PBXBuildFile; fileRef = 84DD83291994B93E00E1E4D6 /* MTArtistsIntroCell.xib */; };
		84DD832E1994EE2500E1E4D6 /* MTWorkShowVC.m in Sources */ = {isa = PBXBuildFile; fileRef = 84DD832D1994EE2500E1E4D6 /* MTWorkShowVC.m */; };
		84DD83311995999400E1E4D6 /* MTLatestNewsVC.m in Sources */ = {isa = PBXBuildFile; fileRef = 84DD83301995999400E1E4D6 /* MTLatestNewsVC.m */; };
		84DD833519959B9700E1E4D6 /* MTLatestNewsCell.m in Sources */ = {isa = PBXBuildFile; fileRef = 84DD833319959B9700E1E4D6 /* MTLatestNewsCell.m */; };
		84DD833619959B9700E1E4D6 /* MTLatestNewsCell.xib in Resources */ = {isa = PBXBuildFile; fileRef = 84DD833419959B9700E1E4D6 /* MTLatestNewsCell.xib */; };
		84DD83391995AE0500E1E4D6 /* MTNewsDetailVC.m in Sources */ = {isa = PBXBuildFile; fileRef = 84DD83381995AE0500E1E4D6 /* MTNewsDetailVC.m */; };
		84DD833C1995CA8400E1E4D6 /* KxMenu.m in Sources */ = {isa = PBXBuildFile; fileRef = 84DD833B1995CA8400E1E4D6 /* KxMenu.m */; };
		84DD833F1995CBBE00E1E4D6 /* MTTopListVC.m in Sources */ = {isa = PBXBuildFile; fileRef = 84DD833E1995CBBE00E1E4D6 /* MTTopListVC.m */; };
		84DD834519986BE000E1E4D6 /* MTTableViewController.m in Sources */ = {isa = PBXBuildFile; fileRef = 84DD834419986BE000E1E4D6 /* MTTableViewController.m */; };
		84DD834E1998DD1900E1E4D6 /* MTLatestSongVC.m in Sources */ = {isa = PBXBuildFile; fileRef = 84DD834D1998DD1900E1E4D6 /* MTLatestSongVC.m */; };
		D5325BD9F1C7447B86497FA9 /* libPods.a in Frameworks */ = {isa = PBXBuildFile; fileRef = C6442DE8BA944680A18BED6F /* libPods.a */; };
/* End PBXBuildFile section */

/* Begin PBXContainerItemProxy section */
		84CBD5E91990B08400A23749 /* PBXContainerItemProxy */ = {
			isa = PBXContainerItemProxy;
			containerPortal = 84CBD5BB1990B08400A23749 /* Project object */;
			proxyType = 1;
			remoteGlobalIDString = 84CBD5C21990B08400A23749;
			remoteInfo = musictank;
		};
/* End PBXContainerItemProxy section */

/* Begin PBXFileReference section */
		462BA77ECA214C508F9C9E8D /* Pods.xcconfig */ = {isa = PBXFileReference; includeInIndex = 1; lastKnownFileType = text.xcconfig; name = Pods.xcconfig; path = Pods/Pods.xcconfig; sourceTree = "<group>"; };
		84CBD5C31990B08400A23749 /* musictank.app */ = {isa = PBXFileReference; explicitFileType = wrapper.application; includeInIndex = 0; path = musictank.app; sourceTree = BUILT_PRODUCTS_DIR; };
		84CBD5C61990B08400A23749 /* Foundation.framework */ = {isa = PBXFileReference; lastKnownFileType = wrapper.framework; name = Foundation.framework; path = System/Library/Frameworks/Foundation.framework; sourceTree = SDKROOT; };
		84CBD5C81990B08400A23749 /* CoreGraphics.framework */ = {isa = PBXFileReference; lastKnownFileType = wrapper.framework; name = CoreGraphics.framework; path = System/Library/Frameworks/CoreGraphics.framework; sourceTree = SDKROOT; };
		84CBD5CA1990B08400A23749 /* UIKit.framework */ = {isa = PBXFileReference; lastKnownFileType = wrapper.framework; name = UIKit.framework; path = System/Library/Frameworks/UIKit.framework; sourceTree = SDKROOT; };
		84CBD5CE1990B08400A23749 /* musictank-Info.plist */ = {isa = PBXFileReference; lastKnownFileType = text.plist.xml; path = "musictank-Info.plist"; sourceTree = "<group>"; };
		84CBD5D01990B08400A23749 /* en */ = {isa = PBXFileReference; lastKnownFileType = text.plist.strings; name = en; path = en.lproj/InfoPlist.strings; sourceTree = "<group>"; };
		84CBD5D21990B08400A23749 /* main.m */ = {isa = PBXFileReference; lastKnownFileType = sourcecode.c.objc; path = main.m; sourceTree = "<group>"; };
		84CBD5D41990B08400A23749 /* musictank-Prefix.pch */ = {isa = PBXFileReference; lastKnownFileType = sourcecode.c.h; path = "musictank-Prefix.pch"; sourceTree = "<group>"; };
		84CBD5D51990B08400A23749 /* MTAppDelegate.h */ = {isa = PBXFileReference; lastKnownFileType = sourcecode.c.h; path = MTAppDelegate.h; sourceTree = "<group>"; };
		84CBD5D61990B08400A23749 /* MTAppDelegate.m */ = {isa = PBXFileReference; lastKnownFileType = sourcecode.c.objc; path = MTAppDelegate.m; sourceTree = "<group>"; };
		84CBD5D91990B08400A23749 /* Base */ = {isa = PBXFileReference; lastKnownFileType = file.storyboard; name = Base; path = Base.lproj/Main.storyboard; sourceTree = "<group>"; };
		84CBD5DE1990B08400A23749 /* Images.xcassets */ = {isa = PBXFileReference; lastKnownFileType = folder.assetcatalog; path = Images.xcassets; sourceTree = "<group>"; };
		84CBD5E41990B08400A23749 /* musictankTests.xctest */ = {isa = PBXFileReference; explicitFileType = wrapper.cfbundle; includeInIndex = 0; path = musictankTests.xctest; sourceTree = BUILT_PRODUCTS_DIR; };
		84CBD5E51990B08400A23749 /* XCTest.framework */ = {isa = PBXFileReference; lastKnownFileType = wrapper.framework; name = XCTest.framework; path = Library/Frameworks/XCTest.framework; sourceTree = DEVELOPER_DIR; };
		84CBD5ED1990B08400A23749 /* musictankTests-Info.plist */ = {isa = PBXFileReference; lastKnownFileType = text.plist.xml; path = "musictankTests-Info.plist"; sourceTree = "<group>"; };
		84CBD5EF1990B08400A23749 /* en */ = {isa = PBXFileReference; lastKnownFileType = text.plist.strings; name = en; path = en.lproj/InfoPlist.strings; sourceTree = "<group>"; };
		84CBD5F11990B08400A23749 /* musictankTests.m */ = {isa = PBXFileReference; lastKnownFileType = sourcecode.c.objc; path = musictankTests.m; sourceTree = "<group>"; };
		84CBD5FB1990C83400A23749 /* MTLeftViewController.h */ = {isa = PBXFileReference; fileEncoding = 4; lastKnownFileType = sourcecode.c.h; path = MTLeftViewController.h; sourceTree = "<group>"; };
		84CBD5FC1990C83400A23749 /* MTLeftViewController.m */ = {isa = PBXFileReference; fileEncoding = 4; lastKnownFileType = sourcecode.c.objc; path = MTLeftViewController.m; sourceTree = "<group>"; };
		84CBD6041990FCA000A23749 /* MTDataHandler.h */ = {isa = PBXFileReference; fileEncoding = 4; lastKnownFileType = sourcecode.c.h; path = MTDataHandler.h; sourceTree = "<group>"; };
		84CBD6051990FCA000A23749 /* MTDataHandler.m */ = {isa = PBXFileReference; fileEncoding = 4; lastKnownFileType = sourcecode.c.objc; path = MTDataHandler.m; sourceTree = "<group>"; };
		84CBD608199105C500A23749 /* MTImageHandler.h */ = {isa = PBXFileReference; fileEncoding = 4; lastKnownFileType = sourcecode.c.h; path = MTImageHandler.h; sourceTree = "<group>"; };
		84CBD609199105C500A23749 /* MTImageHandler.m */ = {isa = PBXFileReference; fileEncoding = 4; lastKnownFileType = sourcecode.c.objc; path = MTImageHandler.m; sourceTree = "<group>"; };
		84CBD60E199117F000A23749 /* MTArtist.h */ = {isa = PBXFileReference; fileEncoding = 4; lastKnownFileType = sourcecode.c.h; path = MTArtist.h; sourceTree = "<group>"; };
		84CBD60F199117F000A23749 /* MTArtist.m */ = {isa = PBXFileReference; fileEncoding = 4; lastKnownFileType = sourcecode.c.objc; path = MTArtist.m; sourceTree = "<group>"; };
		84CBD6111991CADD00A23749 /* MTLoginViewController.h */ = {isa = PBXFileReference; fileEncoding = 4; lastKnownFileType = sourcecode.c.h; path = MTLoginViewController.h; sourceTree = "<group>"; };
		84CBD6121991CADD00A23749 /* MTLoginViewController.m */ = {isa = PBXFileReference; fileEncoding = 4; lastKnownFileType = sourcecode.c.objc; path = MTLoginViewController.m; sourceTree = "<group>"; };
		84CBD6141991DFB800A23749 /* Base */ = {isa = PBXFileReference; lastKnownFileType = text.plist.strings; name = Base; path = Base.lproj/InfoPlist.strings; sourceTree = "<group>"; };
		84CBD6151991E11100A23749 /* zh-Hans */ = {isa = PBXFileReference; lastKnownFileType = text.plist.strings; name = "zh-Hans"; path = "zh-Hans.lproj/Main.strings"; sourceTree = "<group>"; };
		84CBD6161991E11100A23749 /* zh-Hans */ = {isa = PBXFileReference; lastKnownFileType = text.plist.strings; name = "zh-Hans"; path = "zh-Hans.lproj/InfoPlist.strings"; sourceTree = "<group>"; };
		84CBD6171991E11100A23749 /* zh-Hans */ = {isa = PBXFileReference; lastKnownFileType = text.plist.strings; name = "zh-Hans"; path = "zh-Hans.lproj/InfoPlist.strings"; sourceTree = "<group>"; };
		84CBD61B1991E48F00A23749 /* en */ = {isa = PBXFileReference; lastKnownFileType = text.plist.strings; name = en; path = en.lproj/Localizable.strings; sourceTree = "<group>"; };
		84CBD61D1991E49800A23749 /* zh-Hans */ = {isa = PBXFileReference; lastKnownFileType = text.plist.strings; name = "zh-Hans"; path = "zh-Hans.lproj/Localizable.strings"; sourceTree = "<group>"; };
		84CBD61F1991E65D00A23749 /* en */ = {isa = PBXFileReference; lastKnownFileType = text.plist.strings; name = en; path = en.lproj/Main.strings; sourceTree = "<group>"; };
		84CBD623199246B900A23749 /* MTArtistHomeViewController.h */ = {isa = PBXFileReference; fileEncoding = 4; lastKnownFileType = sourcecode.c.h; path = MTArtistHomeViewController.h; sourceTree = "<group>"; };
		84CBD624199246B900A23749 /* MTArtistHomeViewController.m */ = {isa = PBXFileReference; fileEncoding = 4; lastKnownFileType = sourcecode.c.objc; path = MTArtistHomeViewController.m; sourceTree = "<group>"; };
		84CBD626199249B200A23749 /* ASScroll.h */ = {isa = PBXFileReference; fileEncoding = 4; lastKnownFileType = sourcecode.c.h; path = ASScroll.h; sourceTree = "<group>"; };
		84CBD627199249B200A23749 /* ASScroll.m */ = {isa = PBXFileReference; fileEncoding = 4; lastKnownFileType = sourcecode.c.objc; path = ASScroll.m; sourceTree = "<group>"; };
		84CBD62919930B1500A23749 /* MTArtistWorkTableViewCell.h */ = {isa = PBXFileReference; fileEncoding = 4; lastKnownFileType = sourcecode.c.h; path = MTArtistWorkTableViewCell.h; sourceTree = "<group>"; };
		84CBD62A19930B1500A23749 /* MTArtistWorkTableViewCell.m */ = {isa = PBXFileReference; fileEncoding = 4; lastKnownFileType = sourcecode.c.objc; path = MTArtistWorkTableViewCell.m; sourceTree = "<group>"; };
		84CBD62B19930B1500A23749 /* MTArtistWorkTableViewCell.xib */ = {isa = PBXFileReference; fileEncoding = 4; lastKnownFileType = file.xib; path = MTArtistWorkTableViewCell.xib; sourceTree = "<group>"; };
		84CBD62E1993275000A23749 /* MTWork.h */ = {isa = PBXFileReference; fileEncoding = 4; lastKnownFileType = sourcecode.c.h; path = MTWork.h; sourceTree = "<group>"; };
		84CBD62F1993275000A23749 /* MTWork.m */ = {isa = PBXFileReference; fileEncoding = 4; lastKnownFileType = sourcecode.c.objc; path = MTWork.m; sourceTree = "<group>"; };
		84CBD63119935E8F00A23749 /* MTSong.h */ = {isa = PBXFileReference; fileEncoding = 4; lastKnownFileType = sourcecode.c.h; path = MTSong.h; sourceTree = "<group>"; };
		84CBD63219935E8F00A23749 /* MTSong.m */ = {isa = PBXFileReference; fileEncoding = 4; lastKnownFileType = sourcecode.c.objc; path = MTSong.m; sourceTree = "<group>"; };
		84DD83001993818F00E1E4D6 /* MTArtistSongTableViewCell.h */ = {isa = PBXFileReference; fileEncoding = 4; lastKnownFileType = sourcecode.c.h; path = MTArtistSongTableViewCell.h; sourceTree = "<group>"; };
		84DD83011993818F00E1E4D6 /* MTArtistSongTableViewCell.m */ = {isa = PBXFileReference; fileEncoding = 4; lastKnownFileType = sourcecode.c.objc; path = MTArtistSongTableViewCell.m; sourceTree = "<group>"; };
		84DD83021993818F00E1E4D6 /* MTArtistSongTableViewCell.xib */ = {isa = PBXFileReference; fileEncoding = 4; lastKnownFileType = file.xib; path = MTArtistSongTableViewCell.xib; sourceTree = "<group>"; };
		84DD83051993A89A00E1E4D6 /* MTSongPlayViewController.h */ = {isa = PBXFileReference; fileEncoding = 4; lastKnownFileType = sourcecode.c.h; path = MTSongPlayViewController.h; sourceTree = "<group>"; };
		84DD83061993A89A00E1E4D6 /* MTSongPlayViewController.m */ = {isa = PBXFileReference; fileEncoding = 4; lastKnownFileType = sourcecode.c.objc; path = MTSongPlayViewController.m; sourceTree = "<group>"; };
		84DD8308199441CF00E1E4D6 /* MTLatestWorksVC.h */ = {isa = PBXFileReference; fileEncoding = 4; lastKnownFileType = sourcecode.c.h; path = MTLatestWorksVC.h; sourceTree = "<group>"; };
		84DD8309199441CF00E1E4D6 /* MTLatestWorksVC.m */ = {isa = PBXFileReference; fileEncoding = 4; lastKnownFileType = sourcecode.c.objc; path = MTLatestWorksVC.m; sourceTree = "<group>"; };
		84DD830B1994444A00E1E4D6 /* MTLatestWorksCell.h */ = {isa = PBXFileReference; fileEncoding = 4; lastKnownFileType = sourcecode.c.h; path = MTLatestWorksCell.h; sourceTree = "<group>"; };
		84DD830C1994444A00E1E4D6 /* MTLatestWorksCell.m */ = {isa = PBXFileReference; fileEncoding = 4; lastKnownFileType = sourcecode.c.objc; path = MTLatestWorksCell.m; sourceTree = "<group>"; };
		84DD830D1994444A00E1E4D6 /* MTLatestWorksCell.xib */ = {isa = PBXFileReference; fileEncoding = 4; lastKnownFileType = file.xib; path = MTLatestWorksCell.xib; sourceTree = "<group>"; };
		84DD831019944A0B00E1E4D6 /* MTLatestSongsCell.h */ = {isa = PBXFileReference; fileEncoding = 4; lastKnownFileType = sourcecode.c.h; path = MTLatestSongsCell.h; sourceTree = "<group>"; };
		84DD831119944A0B00E1E4D6 /* MTLatestSongsCell.m */ = {isa = PBXFileReference; fileEncoding = 4; lastKnownFileType = sourcecode.c.objc; path = MTLatestSongsCell.m; sourceTree = "<group>"; };
		84DD831219944A0B00E1E4D6 /* MTLatestSongsCell.xib */ = {isa = PBXFileReference; fileEncoding = 4; lastKnownFileType = file.xib; path = MTLatestSongsCell.xib; sourceTree = "<group>"; };
		84DD83181994804500E1E4D6 /* MTLatestSongsVC.h */ = {isa = PBXFileReference; fileEncoding = 4; lastKnownFileType = sourcecode.c.h; path = MTLatestSongsVC.h; sourceTree = "<group>"; };
		84DD83191994804500E1E4D6 /* MTLatestSongsVC.m */ = {isa = PBXFileReference; fileEncoding = 4; lastKnownFileType = sourcecode.c.objc; path = MTLatestSongsVC.m; sourceTree = "<group>"; };
		84DD831B1994979B00E1E4D6 /* MTCustomSegue.h */ = {isa = PBXFileReference; fileEncoding = 4; lastKnownFileType = sourcecode.c.h; path = MTCustomSegue.h; sourceTree = "<group>"; };
		84DD831C1994979B00E1E4D6 /* MTCustomSegue.m */ = {isa = PBXFileReference; fileEncoding = 4; lastKnownFileType = sourcecode.c.objc; path = MTCustomSegue.m; sourceTree = "<group>"; };
		84DD83211994B84B00E1E4D6 /* MTArtistsIntroVC.h */ = {isa = PBXFileReference; fileEncoding = 4; lastKnownFileType = sourcecode.c.h; path = MTArtistsIntroVC.h; sourceTree = "<group>"; };
		84DD83221994B84B00E1E4D6 /* MTArtistsIntroVC.m */ = {isa = PBXFileReference; fileEncoding = 4; lastKnownFileType = sourcecode.c.objc; path = MTArtistsIntroVC.m; sourceTree = "<group>"; };
		84DD83271994B93E00E1E4D6 /* MTArtistsIntroCell.h */ = {isa = PBXFileReference; fileEncoding = 4; lastKnownFileType = sourcecode.c.h; path = MTArtistsIntroCell.h; sourceTree = "<group>"; };
		84DD83281994B93E00E1E4D6 /* MTArtistsIntroCell.m */ = {isa = PBXFileReference; fileEncoding = 4; lastKnownFileType = sourcecode.c.objc; path = MTArtistsIntroCell.m; sourceTree = "<group>"; };
		84DD83291994B93E00E1E4D6 /* MTArtistsIntroCell.xib */ = {isa = PBXFileReference; fileEncoding = 4; lastKnownFileType = file.xib; path = MTArtistsIntroCell.xib; sourceTree = "<group>"; };
		84DD832C1994EE2500E1E4D6 /* MTWorkShowVC.h */ = {isa = PBXFileReference; fileEncoding = 4; lastKnownFileType = sourcecode.c.h; path = MTWorkShowVC.h; sourceTree = "<group>"; };
		84DD832D1994EE2500E1E4D6 /* MTWorkShowVC.m */ = {isa = PBXFileReference; fileEncoding = 4; lastKnownFileType = sourcecode.c.objc; path = MTWorkShowVC.m; sourceTree = "<group>"; };
		84DD832F1995999400E1E4D6 /* MTLatestNewsVC.h */ = {isa = PBXFileReference; fileEncoding = 4; lastKnownFileType = sourcecode.c.h; path = MTLatestNewsVC.h; sourceTree = "<group>"; };
		84DD83301995999400E1E4D6 /* MTLatestNewsVC.m */ = {isa = PBXFileReference; fileEncoding = 4; lastKnownFileType = sourcecode.c.objc; path = MTLatestNewsVC.m; sourceTree = "<group>"; };
		84DD833219959B9700E1E4D6 /* MTLatestNewsCell.h */ = {isa = PBXFileReference; fileEncoding = 4; lastKnownFileType = sourcecode.c.h; path = MTLatestNewsCell.h; sourceTree = "<group>"; };
		84DD833319959B9700E1E4D6 /* MTLatestNewsCell.m */ = {isa = PBXFileReference; fileEncoding = 4; lastKnownFileType = sourcecode.c.objc; path = MTLatestNewsCell.m; sourceTree = "<group>"; };
		84DD833419959B9700E1E4D6 /* MTLatestNewsCell.xib */ = {isa = PBXFileReference; fileEncoding = 4; lastKnownFileType = file.xib; path = MTLatestNewsCell.xib; sourceTree = "<group>"; };
		84DD83371995AE0500E1E4D6 /* MTNewsDetailVC.h */ = {isa = PBXFileReference; fileEncoding = 4; lastKnownFileType = sourcecode.c.h; path = MTNewsDetailVC.h; sourceTree = "<group>"; };
		84DD83381995AE0500E1E4D6 /* MTNewsDetailVC.m */ = {isa = PBXFileReference; fileEncoding = 4; lastKnownFileType = sourcecode.c.objc; path = MTNewsDetailVC.m; sourceTree = "<group>"; };
		84DD833A1995CA8400E1E4D6 /* KxMenu.h */ = {isa = PBXFileReference; fileEncoding = 4; lastKnownFileType = sourcecode.c.h; path = KxMenu.h; sourceTree = "<group>"; };
		84DD833B1995CA8400E1E4D6 /* KxMenu.m */ = {isa = PBXFileReference; fileEncoding = 4; lastKnownFileType = sourcecode.c.objc; path = KxMenu.m; sourceTree = "<group>"; };
		84DD833D1995CBBE00E1E4D6 /* MTTopListVC.h */ = {isa = PBXFileReference; fileEncoding = 4; lastKnownFileType = sourcecode.c.h; path = MTTopListVC.h; sourceTree = "<group>"; };
		84DD833E1995CBBE00E1E4D6 /* MTTopListVC.m */ = {isa = PBXFileReference; fileEncoding = 4; lastKnownFileType = sourcecode.c.objc; path = MTTopListVC.m; sourceTree = "<group>"; };
		84DD834319986BE000E1E4D6 /* MTTableViewController.h */ = {isa = PBXFileReference; fileEncoding = 4; lastKnownFileType = sourcecode.c.h; path = MTTableViewController.h; sourceTree = "<group>"; };
		84DD834419986BE000E1E4D6 /* MTTableViewController.m */ = {isa = PBXFileReference; fileEncoding = 4; lastKnownFileType = sourcecode.c.objc; path = MTTableViewController.m; sourceTree = "<group>"; };
		84DD834C1998DD1900E1E4D6 /* MTLatestSongVC.h */ = {isa = PBXFileReference; fileEncoding = 4; lastKnownFileType = sourcecode.c.h; path = MTLatestSongVC.h; sourceTree = "<group>"; };
		84DD834D1998DD1900E1E4D6 /* MTLatestSongVC.m */ = {isa = PBXFileReference; fileEncoding = 4; lastKnownFileType = sourcecode.c.objc; path = MTLatestSongVC.m; sourceTree = "<group>"; };
		C6442DE8BA944680A18BED6F /* libPods.a */ = {isa = PBXFileReference; explicitFileType = archive.ar; includeInIndex = 0; path = libPods.a; sourceTree = BUILT_PRODUCTS_DIR; };
/* End PBXFileReference section */

/* Begin PBXFrameworksBuildPhase section */
		84CBD5C01990B08400A23749 /* Frameworks */ = {
			isa = PBXFrameworksBuildPhase;
			buildActionMask = 2147483647;
			files = (
				84CBD5C91990B08400A23749 /* CoreGraphics.framework in Frameworks */,
				84CBD5CB1990B08400A23749 /* UIKit.framework in Frameworks */,
				84CBD5C71990B08400A23749 /* Foundation.framework in Frameworks */,
				D5325BD9F1C7447B86497FA9 /* libPods.a in Frameworks */,
			);
			runOnlyForDeploymentPostprocessing = 0;
		};
		84CBD5E11990B08400A23749 /* Frameworks */ = {
			isa = PBXFrameworksBuildPhase;
			buildActionMask = 2147483647;
			files = (
				84CBD5E61990B08400A23749 /* XCTest.framework in Frameworks */,
				84CBD5E81990B08400A23749 /* UIKit.framework in Frameworks */,
				84CBD5E71990B08400A23749 /* Foundation.framework in Frameworks */,
			);
			runOnlyForDeploymentPostprocessing = 0;
		};
/* End PBXFrameworksBuildPhase section */

/* Begin PBXGroup section */
		84CBD5BA1990B08400A23749 = {
			isa = PBXGroup;
			children = (
				84CBD5CC1990B08400A23749 /* musictank */,
				84CBD5EB1990B08400A23749 /* musictankTests */,
				84CBD5C51990B08400A23749 /* Frameworks */,
				84CBD5C41990B08400A23749 /* Products */,
				462BA77ECA214C508F9C9E8D /* Pods.xcconfig */,
			);
			sourceTree = "<group>";
		};
		84CBD5C41990B08400A23749 /* Products */ = {
			isa = PBXGroup;
			children = (
				84CBD5C31990B08400A23749 /* musictank.app */,
				84CBD5E41990B08400A23749 /* musictankTests.xctest */,
			);
			name = Products;
			sourceTree = "<group>";
		};
		84CBD5C51990B08400A23749 /* Frameworks */ = {
			isa = PBXGroup;
			children = (
				84CBD5C61990B08400A23749 /* Foundation.framework */,
				84CBD5C81990B08400A23749 /* CoreGraphics.framework */,
				84CBD5CA1990B08400A23749 /* UIKit.framework */,
				84CBD5E51990B08400A23749 /* XCTest.framework */,
				C6442DE8BA944680A18BED6F /* libPods.a */,
			);
			name = Frameworks;
			sourceTree = "<group>";
		};
		84CBD5CC1990B08400A23749 /* musictank */ = {
			isa = PBXGroup;
			children = (
				84CBD5D51990B08400A23749 /* MTAppDelegate.h */,
				84CBD5D61990B08400A23749 /* MTAppDelegate.m */,
				84CBD5D81990B08400A23749 /* Main.storyboard */,
				84DD834319986BE000E1E4D6 /* MTTableViewController.h */,
				84DD834419986BE000E1E4D6 /* MTTableViewController.m */,
				84CBD5FB1990C83400A23749 /* MTLeftViewController.h */,
				84CBD5FC1990C83400A23749 /* MTLeftViewController.m */,
				84DD834C1998DD1900E1E4D6 /* MTLatestSongVC.h */,
				84DD834D1998DD1900E1E4D6 /* MTLatestSongVC.m */,
				84DD83181994804500E1E4D6 /* MTLatestSongsVC.h */,
				84DD83191994804500E1E4D6 /* MTLatestSongsVC.m */,
				84DD8308199441CF00E1E4D6 /* MTLatestWorksVC.h */,
				84DD8309199441CF00E1E4D6 /* MTLatestWorksVC.m */,
				84DD832F1995999400E1E4D6 /* MTLatestNewsVC.h */,
				84DD83301995999400E1E4D6 /* MTLatestNewsVC.m */,
				84DD83211994B84B00E1E4D6 /* MTArtistsIntroVC.h */,
				84DD83221994B84B00E1E4D6 /* MTArtistsIntroVC.m */,
				84DD833D1995CBBE00E1E4D6 /* MTTopListVC.h */,
				84DD833E1995CBBE00E1E4D6 /* MTTopListVC.m */,
				84CBD623199246B900A23749 /* MTArtistHomeViewController.h */,
				84CBD624199246B900A23749 /* MTArtistHomeViewController.m */,
				84DD83051993A89A00E1E4D6 /* MTSongPlayViewController.h */,
				84DD83061993A89A00E1E4D6 /* MTSongPlayViewController.m */,
				84DD832C1994EE2500E1E4D6 /* MTWorkShowVC.h */,
				84DD832D1994EE2500E1E4D6 /* MTWorkShowVC.m */,
				84DD83371995AE0500E1E4D6 /* MTNewsDetailVC.h */,
				84DD83381995AE0500E1E4D6 /* MTNewsDetailVC.m */,
				84CBD6111991CADD00A23749 /* MTLoginViewController.h */,
				84CBD6121991CADD00A23749 /* MTLoginViewController.m */,
				84CBD6071990FCA600A23749 /* Model */,
				84CBD6031990F72800A23749 /* View */,
				84CBD5CD1990B08400A23749 /* Supporting Files */,
			);
			path = musictank;
			sourceTree = "<group>";
		};
		84CBD5CD1990B08400A23749 /* Supporting Files */ = {
			isa = PBXGroup;
			children = (
				84CBD5DE1990B08400A23749 /* Images.xcassets */,
				84CBD5CE1990B08400A23749 /* musictank-Info.plist */,
				84CBD5CF1990B08400A23749 /* InfoPlist.strings */,
				84CBD61C1991E48F00A23749 /* Localizable.strings */,
				84CBD5D21990B08400A23749 /* main.m */,
				84CBD5D41990B08400A23749 /* musictank-Prefix.pch */,
			);
			name = "Supporting Files";
			sourceTree = "<group>";
		};
		84CBD5EB1990B08400A23749 /* musictankTests */ = {
			isa = PBXGroup;
			children = (
				84CBD5F11990B08400A23749 /* musictankTests.m */,
				84CBD5EC1990B08400A23749 /* Supporting Files */,
			);
			path = musictankTests;
			sourceTree = "<group>";
		};
		84CBD5EC1990B08400A23749 /* Supporting Files */ = {
			isa = PBXGroup;
			children = (
				84CBD5ED1990B08400A23749 /* musictankTests-Info.plist */,
				84CBD5EE1990B08400A23749 /* InfoPlist.strings */,
			);
			name = "Supporting Files";
			sourceTree = "<group>";
		};
		84CBD6031990F72800A23749 /* View */ = {
			isa = PBXGroup;
			children = (
				84CBD626199249B200A23749 /* ASScroll.h */,
				84CBD627199249B200A23749 /* ASScroll.m */,
				84DD833A1995CA8400E1E4D6 /* KxMenu.h */,
				84DD833B1995CA8400E1E4D6 /* KxMenu.m */,
				84DD831B1994979B00E1E4D6 /* MTCustomSegue.h */,
				84DD831C1994979B00E1E4D6 /* MTCustomSegue.m */,
				84CBD62919930B1500A23749 /* MTArtistWorkTableViewCell.h */,
				84CBD62A19930B1500A23749 /* MTArtistWorkTableViewCell.m */,
				84CBD62B19930B1500A23749 /* MTArtistWorkTableViewCell.xib */,
				84DD83001993818F00E1E4D6 /* MTArtistSongTableViewCell.h */,
				84DD83011993818F00E1E4D6 /* MTArtistSongTableViewCell.m */,
				84DD83021993818F00E1E4D6 /* MTArtistSongTableViewCell.xib */,
				84DD830B1994444A00E1E4D6 /* MTLatestWorksCell.h */,
				84DD830C1994444A00E1E4D6 /* MTLatestWorksCell.m */,
				84DD830D1994444A00E1E4D6 /* MTLatestWorksCell.xib */,
				84DD831019944A0B00E1E4D6 /* MTLatestSongsCell.h */,
				84DD831119944A0B00E1E4D6 /* MTLatestSongsCell.m */,
				84DD831219944A0B00E1E4D6 /* MTLatestSongsCell.xib */,
				84DD833219959B9700E1E4D6 /* MTLatestNewsCell.h */,
				84DD833319959B9700E1E4D6 /* MTLatestNewsCell.m */,
				84DD833419959B9700E1E4D6 /* MTLatestNewsCell.xib */,
				84DD83271994B93E00E1E4D6 /* MTArtistsIntroCell.h */,
				84DD83281994B93E00E1E4D6 /* MTArtistsIntroCell.m */,
				84DD83291994B93E00E1E4D6 /* MTArtistsIntroCell.xib */,
			);
			name = View;
			sourceTree = "<group>";
		};
		84CBD6071990FCA600A23749 /* Model */ = {
			isa = PBXGroup;
			children = (
				84CBD60E199117F000A23749 /* MTArtist.h */,
				84CBD60F199117F000A23749 /* MTArtist.m */,
				84CBD62E1993275000A23749 /* MTWork.h */,
				84CBD62F1993275000A23749 /* MTWork.m */,
				84CBD63119935E8F00A23749 /* MTSong.h */,
				84CBD63219935E8F00A23749 /* MTSong.m */,
				84CBD6041990FCA000A23749 /* MTDataHandler.h */,
				84CBD6051990FCA000A23749 /* MTDataHandler.m */,
				84CBD608199105C500A23749 /* MTImageHandler.h */,
				84CBD609199105C500A23749 /* MTImageHandler.m */,
			);
			name = Model;
			sourceTree = "<group>";
		};
/* End PBXGroup section */

/* Begin PBXNativeTarget section */
		84CBD5C21990B08400A23749 /* musictank */ = {
			isa = PBXNativeTarget;
			buildConfigurationList = 84CBD5F51990B08400A23749 /* Build configuration list for PBXNativeTarget "musictank" */;
			buildPhases = (
				24446C261648461B87B2E342 /* Check Pods Manifest.lock */,
				84CBD5BF1990B08400A23749 /* Sources */,
				84CBD5C01990B08400A23749 /* Frameworks */,
				84CBD5C11990B08400A23749 /* Resources */,
				D7C53BC38D104B45B324F303 /* Copy Pods Resources */,
			);
			buildRules = (
			);
			dependencies = (
			);
			name = musictank;
			productName = musictank;
			productReference = 84CBD5C31990B08400A23749 /* musictank.app */;
			productType = "com.apple.product-type.application";
		};
		84CBD5E31990B08400A23749 /* musictankTests */ = {
			isa = PBXNativeTarget;
			buildConfigurationList = 84CBD5F81990B08400A23749 /* Build configuration list for PBXNativeTarget "musictankTests" */;
			buildPhases = (
				84CBD5E01990B08400A23749 /* Sources */,
				84CBD5E11990B08400A23749 /* Frameworks */,
				84CBD5E21990B08400A23749 /* Resources */,
			);
			buildRules = (
			);
			dependencies = (
				84CBD5EA1990B08400A23749 /* PBXTargetDependency */,
			);
			name = musictankTests;
			productName = musictankTests;
			productReference = 84CBD5E41990B08400A23749 /* musictankTests.xctest */;
			productType = "com.apple.product-type.bundle.unit-test";
		};
/* End PBXNativeTarget section */

/* Begin PBXProject section */
		84CBD5BB1990B08400A23749 /* Project object */ = {
			isa = PBXProject;
			attributes = {
				CLASSPREFIX = MT;
				LastUpgradeCheck = 0510;
				ORGANIZATIONNAME = fireup;
				TargetAttributes = {
					84CBD5E31990B08400A23749 = {
						TestTargetID = 84CBD5C21990B08400A23749;
					};
				};
			};
			buildConfigurationList = 84CBD5BE1990B08400A23749 /* Build configuration list for PBXProject "musictank" */;
			compatibilityVersion = "Xcode 3.2";
			developmentRegion = English;
			hasScannedForEncodings = 0;
			knownRegions = (
				en,
				Base,
				"zh-Hans",
			);
			mainGroup = 84CBD5BA1990B08400A23749;
			productRefGroup = 84CBD5C41990B08400A23749 /* Products */;
			projectDirPath = "";
			projectRoot = "";
			targets = (
				84CBD5C21990B08400A23749 /* musictank */,
				84CBD5E31990B08400A23749 /* musictankTests */,
			);
		};
/* End PBXProject section */

/* Begin PBXResourcesBuildPhase section */
		84CBD5C11990B08400A23749 /* Resources */ = {
			isa = PBXResourcesBuildPhase;
			buildActionMask = 2147483647;
			files = (
				84DD83041993818F00E1E4D6 /* MTArtistSongTableViewCell.xib in Resources */,
				84DD832B1994B93E00E1E4D6 /* MTArtistsIntroCell.xib in Resources */,
				84CBD62D19930B1500A23749 /* MTArtistWorkTableViewCell.xib in Resources */,
				84CBD5DF1990B08400A23749 /* Images.xcassets in Resources */,
				84CBD61A1991E48F00A23749 /* Localizable.strings in Resources */,
				84CBD5D11990B08400A23749 /* InfoPlist.strings in Resources */,
				84DD833619959B9700E1E4D6 /* MTLatestNewsCell.xib in Resources */,
				84DD830F1994444A00E1E4D6 /* MTLatestWorksCell.xib in Resources */,
				84DD831419944A0B00E1E4D6 /* MTLatestSongsCell.xib in Resources */,
				84CBD5DA1990B08400A23749 /* Main.storyboard in Resources */,
			);
			runOnlyForDeploymentPostprocessing = 0;
		};
		84CBD5E21990B08400A23749 /* Resources */ = {
			isa = PBXResourcesBuildPhase;
			buildActionMask = 2147483647;
			files = (
				84CBD5F01990B08400A23749 /* InfoPlist.strings in Resources */,
			);
			runOnlyForDeploymentPostprocessing = 0;
		};
/* End PBXResourcesBuildPhase section */

/* Begin PBXShellScriptBuildPhase section */
		24446C261648461B87B2E342 /* Check Pods Manifest.lock */ = {
			isa = PBXShellScriptBuildPhase;
			buildActionMask = 2147483647;
			files = (
			);
			inputPaths = (
			);
			name = "Check Pods Manifest.lock";
			outputPaths = (
			);
			runOnlyForDeploymentPostprocessing = 0;
			shellPath = /bin/sh;
			shellScript = "diff \"${PODS_ROOT}/../Podfile.lock\" \"${PODS_ROOT}/Manifest.lock\" > /dev/null\nif [[ $? != 0 ]] ; then\n    cat << EOM\nerror: The sandbox is not in sync with the Podfile.lock. Run 'pod install' or update your CocoaPods installation.\nEOM\n    exit 1\nfi\n";
			showEnvVarsInLog = 0;
		};
		D7C53BC38D104B45B324F303 /* Copy Pods Resources */ = {
			isa = PBXShellScriptBuildPhase;
			buildActionMask = 2147483647;
			files = (
			);
			inputPaths = (
			);
			name = "Copy Pods Resources";
			outputPaths = (
			);
			runOnlyForDeploymentPostprocessing = 0;
			shellPath = /bin/sh;
			shellScript = "\"${SRCROOT}/Pods/Pods-resources.sh\"\n";
			showEnvVarsInLog = 0;
		};
/* End PBXShellScriptBuildPhase section */

/* Begin PBXSourcesBuildPhase section */
		84CBD5BF1990B08400A23749 /* Sources */ = {
			isa = PBXSourcesBuildPhase;
			buildActionMask = 2147483647;
			files = (
				84DD83071993A89A00E1E4D6 /* MTSongPlayViewController.m in Sources */,
				84DD83231994B84B00E1E4D6 /* MTArtistsIntroVC.m in Sources */,
				84DD834519986BE000E1E4D6 /* MTTableViewController.m in Sources */,
				84DD833F1995CBBE00E1E4D6 /* MTTopListVC.m in Sources */,
				84CBD6301993275000A23749 /* MTWork.m in Sources */,
				84DD832A1994B93E00E1E4D6 /* MTArtistsIntroCell.m in Sources */,
				84DD830E1994444A00E1E4D6 /* MTLatestWorksCell.m in Sources */,
				84CBD5D31990B08400A23749 /* main.m in Sources */,
				84CBD5D71990B08400A23749 /* MTAppDelegate.m in Sources */,
				84CBD63319935E8F00A23749 /* MTSong.m in Sources */,
				84DD833519959B9700E1E4D6 /* MTLatestNewsCell.m in Sources */,
				84CBD6131991CADD00A23749 /* MTLoginViewController.m in Sources */,
				84CBD5FD1990C83400A23749 /* MTLeftViewController.m in Sources */,
				84DD83031993818F00E1E4D6 /* MTArtistSongTableViewCell.m in Sources */,
				84DD831D1994979B00E1E4D6 /* MTCustomSegue.m in Sources */,
				84CBD62C19930B1500A23749 /* MTArtistWorkTableViewCell.m in Sources */,
				84CBD60A199105C500A23749 /* MTImageHandler.m in Sources */,
				84CBD610199117F000A23749 /* MTArtist.m in Sources */,
				84DD83391995AE0500E1E4D6 /* MTNewsDetailVC.m in Sources */,
				84CBD625199246B900A23749 /* MTArtistHomeViewController.m in Sources */,
				84DD830A199441CF00E1E4D6 /* MTLatestWorksVC.m in Sources */,
				84DD83311995999400E1E4D6 /* MTLatestNewsVC.m in Sources */,
				84DD831319944A0B00E1E4D6 /* MTLatestSongsCell.m in Sources */,
				84DD831A1994804500E1E4D6 /* MTLatestSongsVC.m in Sources */,
				84CBD628199249B200A23749 /* ASScroll.m in Sources */,
				84DD834E1998DD1900E1E4D6 /* MTLatestSongVC.m in Sources */,
				84CBD6061990FCA000A23749 /* MTDataHandler.m in Sources */,
				84DD832E1994EE2500E1E4D6 /* MTWorkShowVC.m in Sources */,
				84DD833C1995CA8400E1E4D6 /* KxMenu.m in Sources */,
			);
			runOnlyForDeploymentPostprocessing = 0;
		};
		84CBD5E01990B08400A23749 /* Sources */ = {
			isa = PBXSourcesBuildPhase;
			buildActionMask = 2147483647;
			files = (
				84CBD5F21990B08400A23749 /* musictankTests.m in Sources */,
			);
			runOnlyForDeploymentPostprocessing = 0;
		};
/* End PBXSourcesBuildPhase section */

/* Begin PBXTargetDependency section */
		84CBD5EA1990B08400A23749 /* PBXTargetDependency */ = {
			isa = PBXTargetDependency;
			target = 84CBD5C21990B08400A23749 /* musictank */;
			targetProxy = 84CBD5E91990B08400A23749 /* PBXContainerItemProxy */;
		};
/* End PBXTargetDependency section */

/* Begin PBXVariantGroup section */
		84CBD5CF1990B08400A23749 /* InfoPlist.strings */ = {
			isa = PBXVariantGroup;
			children = (
				84CBD5D01990B08400A23749 /* en */,
				84CBD6141991DFB800A23749 /* Base */,
				84CBD6161991E11100A23749 /* zh-Hans */,
			);
			name = InfoPlist.strings;
			sourceTree = "<group>";
		};
		84CBD5D81990B08400A23749 /* Main.storyboard */ = {
			isa = PBXVariantGroup;
			children = (
				84CBD5D91990B08400A23749 /* Base */,
				84CBD6151991E11100A23749 /* zh-Hans */,
				84CBD61F1991E65D00A23749 /* en */,
			);
			name = Main.storyboard;
			sourceTree = "<group>";
		};
		84CBD5EE1990B08400A23749 /* InfoPlist.strings */ = {
			isa = PBXVariantGroup;
			children = (
				84CBD5EF1990B08400A23749 /* en */,
				84CBD6171991E11100A23749 /* zh-Hans */,
			);
			name = InfoPlist.strings;
			sourceTree = "<group>";
		};
		84CBD61C1991E48F00A23749 /* Localizable.strings */ = {
			isa = PBXVariantGroup;
			children = (
				84CBD61B1991E48F00A23749 /* en */,
				84CBD61D1991E49800A23749 /* zh-Hans */,
			);
			name = Localizable.strings;
			sourceTree = "<group>";
		};
/* End PBXVariantGroup section */

/* Begin XCBuildConfiguration section */
		84CBD5F31990B08400A23749 /* Debug */ = {
			isa = XCBuildConfiguration;
			buildSettings = {
				ALWAYS_SEARCH_USER_PATHS = NO;
				CLANG_CXX_LANGUAGE_STANDARD = "gnu++0x";
				CLANG_CXX_LIBRARY = "libc++";
				CLANG_ENABLE_MODULES = YES;
				CLANG_ENABLE_OBJC_ARC = YES;
				CLANG_WARN_BOOL_CONVERSION = YES;
				CLANG_WARN_CONSTANT_CONVERSION = YES;
				CLANG_WARN_DIRECT_OBJC_ISA_USAGE = YES_ERROR;
				CLANG_WARN_EMPTY_BODY = YES;
				CLANG_WARN_ENUM_CONVERSION = YES;
				CLANG_WARN_INT_CONVERSION = YES;
				CLANG_WARN_OBJC_ROOT_CLASS = YES_ERROR;
				CLANG_WARN__DUPLICATE_METHOD_MATCH = YES;
				"CODE_SIGN_IDENTITY[sdk=iphoneos*]" = "iPhone Developer";
				COPY_PHASE_STRIP = NO;
				GCC_C_LANGUAGE_STANDARD = gnu99;
				GCC_DYNAMIC_NO_PIC = NO;
				GCC_OPTIMIZATION_LEVEL = 0;
				GCC_PREPROCESSOR_DEFINITIONS = (
					"DEBUG=1",
					"$(inherited)",
				);
				GCC_SYMBOLS_PRIVATE_EXTERN = NO;
				GCC_WARN_64_TO_32_BIT_CONVERSION = YES;
				GCC_WARN_ABOUT_RETURN_TYPE = YES_ERROR;
				GCC_WARN_UNDECLARED_SELECTOR = YES;
				GCC_WARN_UNINITIALIZED_AUTOS = YES_AGGRESSIVE;
				GCC_WARN_UNUSED_FUNCTION = YES;
				GCC_WARN_UNUSED_VARIABLE = YES;
				IPHONEOS_DEPLOYMENT_TARGET = 7.1;
				ONLY_ACTIVE_ARCH = YES;
				SDKROOT = iphoneos;
			};
			name = Debug;
		};
		84CBD5F41990B08400A23749 /* Release */ = {
			isa = XCBuildConfiguration;
			buildSettings = {
				ALWAYS_SEARCH_USER_PATHS = NO;
				CLANG_CXX_LANGUAGE_STANDARD = "gnu++0x";
				CLANG_CXX_LIBRARY = "libc++";
				CLANG_ENABLE_MODULES = YES;
				CLANG_ENABLE_OBJC_ARC = YES;
				CLANG_WARN_BOOL_CONVERSION = YES;
				CLANG_WARN_CONSTANT_CONVERSION = YES;
				CLANG_WARN_DIRECT_OBJC_ISA_USAGE = YES_ERROR;
				CLANG_WARN_EMPTY_BODY = YES;
				CLANG_WARN_ENUM_CONVERSION = YES;
				CLANG_WARN_INT_CONVERSION = YES;
				CLANG_WARN_OBJC_ROOT_CLASS = YES_ERROR;
				CLANG_WARN__DUPLICATE_METHOD_MATCH = YES;
				"CODE_SIGN_IDENTITY[sdk=iphoneos*]" = "iPhone Developer";
				COPY_PHASE_STRIP = YES;
				ENABLE_NS_ASSERTIONS = NO;
				GCC_C_LANGUAGE_STANDARD = gnu99;
				GCC_WARN_64_TO_32_BIT_CONVERSION = YES;
				GCC_WARN_ABOUT_RETURN_TYPE = YES_ERROR;
				GCC_WARN_UNDECLARED_SELECTOR = YES;
				GCC_WARN_UNINITIALIZED_AUTOS = YES_AGGRESSIVE;
				GCC_WARN_UNUSED_FUNCTION = YES;
				GCC_WARN_UNUSED_VARIABLE = YES;
				IPHONEOS_DEPLOYMENT_TARGET = 7.1;
				SDKROOT = iphoneos;
				VALIDATE_PRODUCT = YES;
			};
			name = Release;
		};
		84CBD5F61990B08400A23749 /* Debug */ = {
			isa = XCBuildConfiguration;
			baseConfigurationReference = 462BA77ECA214C508F9C9E8D /* Pods.xcconfig */;
			buildSettings = {
				ASSETCATALOG_COMPILER_APPICON_NAME = AppIcon;
				ASSETCATALOG_COMPILER_LAUNCHIMAGE_NAME = LaunchImage;
				GCC_PRECOMPILE_PREFIX_HEADER = YES;
				GCC_PREFIX_HEADER = "musictank/musictank-Prefix.pch";
				INFOPLIST_FILE = "musictank/musictank-Info.plist";
				PRODUCT_NAME = "$(TARGET_NAME)";
				WRAPPER_EXTENSION = app;
			};
			name = Debug;
		};
		84CBD5F71990B08400A23749 /* Release */ = {
			isa = XCBuildConfiguration;
			baseConfigurationReference = 462BA77ECA214C508F9C9E8D /* Pods.xcconfig */;
			buildSettings = {
				ASSETCATALOG_COMPILER_APPICON_NAME = AppIcon;
				ASSETCATALOG_COMPILER_LAUNCHIMAGE_NAME = LaunchImage;
				GCC_PRECOMPILE_PREFIX_HEADER = YES;
				GCC_PREFIX_HEADER = "musictank/musictank-Prefix.pch";
				INFOPLIST_FILE = "musictank/musictank-Info.plist";
				PRODUCT_NAME = "$(TARGET_NAME)";
				WRAPPER_EXTENSION = app;
			};
			name = Release;
		};
		84CBD5F91990B08400A23749 /* Debug */ = {
			isa = XCBuildConfiguration;
			buildSettings = {
				BUNDLE_LOADER = "$(BUILT_PRODUCTS_DIR)/musictank.app/musictank";
				FRAMEWORK_SEARCH_PATHS = (
					"$(SDKROOT)/Developer/Library/Frameworks",
					"$(inherited)",
					"$(DEVELOPER_FRAMEWORKS_DIR)",
				);
				GCC_PRECOMPILE_PREFIX_HEADER = YES;
				GCC_PREFIX_HEADER = "musictank/musictank-Prefix.pch";
				GCC_PREPROCESSOR_DEFINITIONS = (
					"DEBUG=1",
					"$(inherited)",
				);
				INFOPLIST_FILE = "musictankTests/musictankTests-Info.plist";
				PRODUCT_NAME = "$(TARGET_NAME)";
				TEST_HOST = "$(BUNDLE_LOADER)";
				WRAPPER_EXTENSION = xctest;
			};
			name = Debug;
		};
		84CBD5FA1990B08400A23749 /* Release */ = {
			isa = XCBuildConfiguration;
			buildSettings = {
				BUNDLE_LOADER = "$(BUILT_PRODUCTS_DIR)/musictank.app/musictank";
				FRAMEWORK_SEARCH_PATHS = (
					"$(SDKROOT)/Developer/Library/Frameworks",
					"$(inherited)",
					"$(DEVELOPER_FRAMEWORKS_DIR)",
				);
				GCC_PRECOMPILE_PREFIX_HEADER = YES;
				GCC_PREFIX_HEADER = "musictank/musictank-Prefix.pch";
				INFOPLIST_FILE = "musictankTests/musictankTests-Info.plist";
				PRODUCT_NAME = "$(TARGET_NAME)";
				TEST_HOST = "$(BUNDLE_LOADER)";
				WRAPPER_EXTENSION = xctest;
			};
			name = Release;
		};
/* End XCBuildConfiguration section */

/* Begin XCConfigurationList section */
		84CBD5BE1990B08400A23749 /* Build configuration list for PBXProject "musictank" */ = {
			isa = XCConfigurationList;
			buildConfigurations = (
				84CBD5F31990B08400A23749 /* Debug */,
				84CBD5F41990B08400A23749 /* Release */,
			);
			defaultConfigurationIsVisible = 0;
			defaultConfigurationName = Release;
		};
		84CBD5F51990B08400A23749 /* Build configuration list for PBXNativeTarget "musictank" */ = {
			isa = XCConfigurationList;
			buildConfigurations = (
				84CBD5F61990B08400A23749 /* Debug */,
				84CBD5F71990B08400A23749 /* Release */,
			);
			defaultConfigurationIsVisible = 0;
			defaultConfigurationName = Release;
		};
		84CBD5F81990B08400A23749 /* Build configuration list for PBXNativeTarget "musictankTests" */ = {
			isa = XCConfigurationList;
			buildConfigurations = (
				84CBD5F91990B08400A23749 /* Debug */,
				84CBD5FA1990B08400A23749 /* Release */,
			);
			defaultConfigurationIsVisible = 0;
			defaultConfigurationName = Release;
		};
/* End XCConfigurationList section */
	};
	rootObject = 84CBD5BB1990B08400A23749 /* Project object */;
}
